<Solution>
  <Folder Name="/src/">
    <Project Path="src/Kajay.Core/Kajay.Core.csproj" />
  </Folder>
  <Folder Name="/tests/">
    <Project Path="tests/Kajay.Core.Tests/Kajay.Core.Tests.csproj" />
    <Project Path="tests/Kajay.Conformance.Tests/Kajay.Conformance.Tests.csproj" />
  </Folder>
</Solution>
