{
  "version": 2,
  "dependencies": {
    "net10.0": {
      "Elsa": {
        "type": "Direct",
        "requested": "[3.7.1, )",
        "resolved": "3.7.1",
        "contentHash": "aZL8ilh4bF1ShTaw80QORA+Q2JoqubH6ZaiF7kbZnrdNWO/efa90Ndt/GjA+qM3nmwUHBMIPcum8WPpNHYhXFg==",
        "dependencies": {
          "Elsa.Api.Common": "3.7.1",
          "Elsa.Workflows.Core": "3.7.1",
          "Elsa.Workflows.Management": "3.7.1",
          "Elsa.Workflows.Runtime": "3.7.1"
        }
      },
      "Elsa.Persistence.EFCore.PostgreSql": {
        "type": "Direct",
        "requested": "[3.7.1, )",
        "resolved": "3.7.1",
        "contentHash": "EhMmyUwchpyfAhyJrF8n3LXEUQTYAgAP/n28irt4pZed7CDDq1SuAt71DAXthIUM6yiCeHsjMiAdI5pnVCrdzw==",
        "dependencies": {
          "Elsa.Persistence.EFCore": "3.7.1",
          "Npgsql.EntityFrameworkCore.PostgreSQL": "10.0.0"
        }
      },
      "Elsa.Scheduling": {
        "type": "Direct",
        "requested": "[3.7.1, )",
        "resolved": "3.7.1",
        "contentHash": "C5ShVXokDYNHh2epUdOdVM/edDtDG/WPlq3Y9hrJnQNj04OogS0+Kp+aHldcPMqMW4ksd7yhUSkigpBDwNwSkA==",
        "dependencies": {
          "Cronos": "0.11.1",
          "Elsa.Workflows.Runtime": "3.7.1"
        }
      },
      "Elsa.Scheduling.Quartz": {
        "type": "Direct",
        "requested": "[3.7.1, )",
        "resolved": "3.7.1",
        "contentHash": "requUk01nRvjCMMw613SEJ2wObozXW6mCslzNuLRYQEBQ5EL5E6UgG94gRVwxUFWzTbXNa7Sp+ABlLoXI9z+YQ==",
        "dependencies": {
          "CShells.Abstractions": "0.0.21",
          "Elsa.Resilience": "3.7.1",
          "Elsa.Scheduling": "3.7.1",
          "Quartz.Extensions.Hosting": "3.15.1"
        }
      },
      "Elsa.Scheduling.Quartz.EFCore.PostgreSql": {
        "type": "Direct",
        "requested": "[3.7.1, )",
        "resolved": "3.7.1",
        "contentHash": "RAVylGHlGRI+qTbrXexng8pOW8bc8YRjVrtly5sglEt8JbhpU12tBtZt0mebgdMoTMx0EMyj6gbGmMtjIwraXw==",
        "dependencies": {
          "AppAny.Quartz.EntityFrameworkCore.Migrations.PostgreSQL": "0.5.1",
          "Elsa.Persistence.EFCore.Common": "3.7.1",
          "Elsa.Scheduling.Quartz": "3.7.1",
          "Microsoft.EntityFrameworkCore": "10.0.3",
          "Npgsql.EntityFrameworkCore.PostgreSQL": "10.0.0",
          "Quartz.Serialization.Json": "3.15.1"
        }
      },
      "Microsoft.AspNetCore.Authentication.JwtBearer": {
        "type": "Direct",
        "requested": "[10.0.10, )",
        "resolved": "10.0.10",
        "contentHash": "VAcqS42zb9WJd9DjPdkVTS5YrQENmNzPNJuRu8VAW7x3TEWUipc4d4hHzVJdFB0h/KLdr4XcXZzRHcUOKVanMQ==",
        "dependencies": {
          "Microsoft.IdentityModel.Protocols.OpenIdConnect": "8.19.2"
        }
      },
      "Microsoft.AspNetCore.OpenApi": {
        "type": "Direct",
        "requested": "[10.0.10, )",
        "resolved": "10.0.10",
        "contentHash": "d4Atx9IHq7JgX0F/h7Db+m9zAUzC+cKdI9k+OWnnyQIOUQtfvjIEuhvbjPigVMkAmPUgCbJ8Yp6M9ghUqHtJSQ==",
        "dependencies": {
          "Microsoft.OpenApi": "2.0.0"
        }
      },
      "Microsoft.EntityFrameworkCore.Design": {
        "type": "Direct",
        "requested": "[10.0.10, )",
        "resolved": "10.0.10",
        "contentHash": "BsvxiKcy8k4/ijAPitmwKG1mlVsdC2lQtFLP28K2N8PlsGYbqPFOyfJ7p2kWil3gM6xXgQGf8Hz/pJB8ej+Dug==",
        "dependencies": {
          "Humanizer.Core": "2.14.1",
          "Microsoft.Build.Framework": "18.0.2",
          "Microsoft.CodeAnalysis.CSharp": "5.0.0",
          "Microsoft.CodeAnalysis.CSharp.Workspaces": "5.0.0",
          "Microsoft.CodeAnalysis.Workspaces.MSBuild": "5.0.0",
          "Microsoft.EntityFrameworkCore.Relational": "10.0.10",
          "Microsoft.Extensions.DependencyModel": "10.0.10",
          "Mono.TextTemplating": "3.0.0",
          "Newtonsoft.Json": "13.0.3"
        }
      },
      "Npgsql.EntityFrameworkCore.PostgreSQL": {
        "type": "Direct",
        "requested": "[10.0.3, )",
        "resolved": "10.0.3",
        "contentHash": "IPGrrZnRkuW7OlHDhUESZz4G5DLkW7Nej/O3Cx+0iTsgyU5XJxBgpsvTHLloo3WWuAKKbDHXBvWPVkX1deRh1Q==",
        "dependencies": {
          "Microsoft.EntityFrameworkCore": "[10.0.4, 11.0.0)",
          "Microsoft.EntityFrameworkCore.Relational": "[10.0.4, 11.0.0)",
          "Npgsql": "10.0.3"
        }
      },
      "WorkOS.net": {
        "type": "Direct",
        "requested": "[6.1.0, )",
        "resolved": "6.1.0",
        "contentHash": "O8TTz02sDScAiI1eeF3K9W5wJZLJ6G2m5jJo4odUdi6n7GT+01VJqp8r0jZ37FGphrxCb7jmSAqVTXIEbAaqew==",
        "dependencies": {
          "Microsoft.IdentityModel.Protocols.OpenIdConnect": "8.19.1",
          "Microsoft.IdentityModel.Tokens": "8.19.1",
          "Newtonsoft.Json": "13.0.4",
          "OneOf": "3.0.271",
          "System.IdentityModel.Tokens.Jwt": "8.19.1"
        }
      },
      "AppAny.Quartz.EntityFrameworkCore.Migrations": {
        "type": "Transitive",
        "resolved": "0.5.1",
        "contentHash": "NyqwGMTtHf9eNGogDCG4Zmsr83j7q0EOLcUA6vdCOHtq7E5yyZTS651kMiQuZioVDmvwLcghaSDnxf3F0WLmlw==",
        "dependencies": {
          "Microsoft.EntityFrameworkCore": "8.0.2"
        }
      },
      "AppAny.Quartz.EntityFrameworkCore.Migrations.PostgreSQL": {
        "type": "Transitive",
        "resolved": "0.5.1",
        "contentHash": "S77GXEBKFrkbw4F14tR1I8bZqvA/2G6IdNciLXGgODOY3qrq3j4QySKYlYffOj6NFzSlyv8h6Vt3zpAiJv+AjQ==",
        "dependencies": {
          "AppAny.Quartz.EntityFrameworkCore.Migrations": "0.5.1",
          "Npgsql.EntityFrameworkCore.PostgreSQL": "8.0.2"
        }
      },
      "AspNetCore.Authentication.ApiKey": {
        "type": "Transitive",
        "resolved": "9.0.0",
        "contentHash": "bvQc1iVs3RJZY+BEzId90Dv5R4pFVCyDscYoYIwkbpKRWPR5CCKgAjICsrS6pV8jfZOKNaJRyCLtGGn35adO2Q=="
      },
      "Cronos": {
        "type": "Transitive",
        "resolved": "0.11.1",
        "contentHash": "5Ug+giPQITSAdTp/METAsofRSSUi3I5p7t4dlcXnzUgUzwZb4HkOBcYfpHuPwAHrnKJjmyW8amVzLD6mfLpaBg=="
      },
      "CShells.Abstractions": {
        "type": "Transitive",
        "resolved": "0.0.21",
        "contentHash": "k+LGeIvlGGSE+yuSguGbMYkLv0CU5ZEmPEQDU9XUJ+BQycAO5QHceS/9mmQecILTK+5uKS6F8Pngf9iClEHcYw==",
        "dependencies": {
          "JetBrains.Annotations": "2025.2.4"
        }
      },
      "CShells.AspNetCore.Abstractions": {
        "type": "Transitive",
        "resolved": "0.0.14",
        "contentHash": "SuC3U1wn4PmdHhD9pNXoCulVoskD+j1XK/tK/2I05yzjJDuC+uuczPZOMS7RnRR2/k04lbChcIMF+EZWMXXG3A==",
        "dependencies": {
          "CShells.Abstractions": "0.0.14",
          "JetBrains.Annotations": "2025.2.4"
        }
      },
      "CShells.FastEndpoints.Abstractions": {
        "type": "Transitive",
        "resolved": "0.0.14",
        "contentHash": "ySoO9btSkd4jdlMZ91iXFd8dAqbNwEx0ZN0UwGIpKVYIy2ReNRTFNl4HM7jAMf9Sy/n9CSCoRzb+AVbBrmku3w==",
        "dependencies": {
          "CShells.Abstractions": "0.0.14",
          "FastEndpoints": "7.2.0",
          "JetBrains.Annotations": "2025.2.4"
        }
      },
      "DistributedLock.Core": {
        "type": "Transitive",
        "resolved": "1.0.8",
        "contentHash": "LAOsY8WxX8JU/n3lfXFz+f2pfnv0+4bHkCrOO3bwa28u9HrS3DlxSG6jf+u76SqesKs+KehZi0CndkfaUXBKvg=="
      },
      "DistributedLock.FileSystem": {
        "type": "Transitive",
        "resolved": "1.0.3",
        "contentHash": "Q88LTgHXzcQq9ATa6SZSqAE+VFyIapNGFs+XG7nHx+SpzUf1ACnZ8iyz6fAT/ojH+OLNnWwF3kCYh83s+vnCbA==",
        "dependencies": {
          "DistributedLock.Core": "[1.0.8, 1.1.0)"
        }
      },
      "Elsa.Alterations": {
        "type": "Transitive",
        "resolved": "3.7.1",
        "contentHash": "Nl9TAT0cQdXC1hiMPzKoNL2ii1YjUucLMsoAYoWAtOs2y7ni8DLT9ifgvpjgoUSvHCt/9u8+YZHdJU8wpdSkXQ==",
        "dependencies": {
          "Elsa.Alterations.Core": "3.7.1"
        }
      },
      "Elsa.Alterations.Core": {
        "type": "Transitive",
        "resolved": "3.7.1",
        "contentHash": "gRa+DJdym+Km32avUPsVbBbnHReG4UZK16p7xJWiDwYcZd6on+C3/t/6SZVar4gNI0ESr6uXIbJ9vWstY7elpg==",
        "dependencies": {
          "Elsa.Workflows.Runtime": "3.7.1"
        }
      },
      "Elsa.Api.Common": {
        "type": "Transitive",
        "resolved": "3.7.1",
        "contentHash": "NaeXGaMO3ENQn/hbkmSZZGNS3cwRtnnsDmK1A3Z5d2ziqi6+NXg732a7/0vOOIBUZ8hbeSYHZJ3bP3sUzCtVAw==",
        "dependencies": {
          "CShells.AspNetCore.Abstractions": "0.0.14",
          "CShells.FastEndpoints.Abstractions": "0.0.14",
          "Elsa.Features": "3.7.1",
          "Elsa.Workflows.Core": "3.7.1",
          "FastEndpoints": "7.2.0",
          "FastEndpoints.Security": "7.2.0",
          "FastEndpoints.Swagger": "7.2.0"
        }
      },
      "Elsa.Caching": {
        "type": "Transitive",
        "resolved": "3.7.1",
        "contentHash": "8exS/vkfG+LklNvtv6elTx1PebSTH2sjoAvplFiqA7nRG9J0n19QDpSLXIjGWWOuAo0iGpOwRuGXM2rj3cRrkw==",
        "dependencies": {
          "Elsa.Features": "3.7.1",
          "Scrutor": "7.0.0"
        }
      },
      "Elsa.Common": {
        "type": "Transitive",
        "resolved": "3.7.1",
        "contentHash": "2Yye4N7VMVTtMiuteDgeKNaZjEa+HVPH+xJBtO7EzFXxrmfPyhj43lCQa/6VLWY3c484RK2a+SU8cIg7soJTHw==",
        "dependencies": {
          "Cronos": "0.11.1",
          "DistributedLock.Core": "1.0.8",
          "Elsa.Features": "3.7.1",
          "Elsa.Mediator": "3.7.1",
          "IronCompress": "1.7.0",
          "LinqKit.Core": "1.2.9",
          "Snappier": "1.3.1"
        }
      },
      "Elsa.Expressions": {
        "type": "Transitive",
        "resolved": "3.7.1",
        "contentHash": "fpdr6y3c3TR4Qj3DSwFXb7TfZWozJVEHi5KSeSY7jzdd5NMJAow3H31DuNBjQzpSoBWd9SHEIlk8komgPJbmXg==",
        "dependencies": {
          "Elsa.Common": "3.7.1",
          "Elsa.Features": "3.7.1"
        }
      },
      "Elsa.Features": {
        "type": "Transitive",
        "resolved": "3.7.1",
        "contentHash": "y+yPCZPHzRUlwfojGSxZGcIQQLjIo7LlLYI+MFVnefAoT0KWoIc8AraHKSIblb23nvdZ/vtTn1zjntfs5/XL/A==",
        "dependencies": {
          "CShells.Abstractions": "0.0.14"
        }
      },
      "Elsa.Identity": {
        "type": "Transitive",
        "resolved": "3.7.1",
        "contentHash": "nTxb6MpHwrESjoeKz1VSunv1jrX+c3C7q6xomV7hwQccAF7P2d0p6MDB0QHNaPymo8LNSiz6kj1PLc7ChtMuyA==",
        "dependencies": {
          "AspNetCore.Authentication.ApiKey": "9.0.0",
          "CShells.FastEndpoints.Abstractions": "0.0.14",
          "Elsa.Api.Common": "3.7.1"
        }
      },
      "Elsa.KeyValues": {
        "type": "Transitive",
        "resolved": "3.7.1",
        "contentHash": "TyYXJxDrbSC43BZ8/jrcWmSLxVmfs6ewClOGefICBWST3DOS/hdCt9u+58R1D166Y4RsbuZmi9BvA9iJHLb2Pw==",
        "dependencies": {
          "Elsa.Common": "3.7.1",
          "Elsa.Features": "3.7.1"
        }
      },
      "Elsa.Labels": {
        "type": "Transitive",
        "resolved": "3.7.1",
        "contentHash": "WxbmqdAWLxn1gTluzus5c9CA1RCCnGPDJo/UOmtfJGlzYx0vVCHPkPIw9LlfvaznKOA0E/WtRlPXmDlROzPGqQ==",
        "dependencies": {
          "Elsa.Api.Common": "3.7.1",
          "Elsa.Workflows.Management": "3.7.1",
          "Open.Linq.AsyncExtensions": "1.2.0"
        }
      },
      "Elsa.Mediator": {
        "type": "Transitive",
        "resolved": "3.7.1",
        "contentHash": "0MOLvqNBSk0GmNkDRbaqFE3v8YcRU8XONK8+kW6tEJuGTd2OiX2mM8gyWVuidGUg2yKwBZcykpIc3pmSR3XIuQ=="
      },
      "Elsa.Persistence.EFCore": {
        "type": "Transitive",
        "resolved": "3.7.1",
        "contentHash": "ryy1jzM/JZcKyCqoq4QW3FFBMBopO1CSeVUikhcZ1MbWiex6qvxSk/FY1jB+5bje8ksFCbwqKDaKBexAqzDskQ==",
        "dependencies": {
          "Elsa.Alterations": "3.7.1",
          "Elsa.Identity": "3.7.1",
          "Elsa.Labels": "3.7.1",
          "Elsa.Persistence.EFCore.Common": "3.7.1",
          "Elsa.Workflows.Runtime": "3.7.1"
        }
      },
      "Elsa.Persistence.EFCore.Common": {
        "type": "Transitive",
        "resolved": "3.7.1",
        "contentHash": "E7WtFY61EGblyI1cW+TPnkDf8HmAJnxs2NrdLTJBupUcjq3HAn/bcYyouQd16ZhsjckrYq8/GdAsTD15ThTiPA==",
        "dependencies": {
          "Elsa.Common": "3.7.1",
          "Elsa.Tenants": "3.7.1",
          "Microsoft.EntityFrameworkCore": "10.0.3",
          "Microsoft.EntityFrameworkCore.Relational": "10.0.3",
          "Open.Linq.AsyncExtensions": "1.2.0",
          "Scrutor": "7.0.0",
          "System.CommandLine": "2.0.0"
        }
      },
      "Elsa.Resilience": {
        "type": "Transitive",
        "resolved": "3.7.1",
        "contentHash": "xHkGx7hyI39bm+SB0BzY7M4C2oORI/FRRWkixPcp/AfSUR6mHhav9ZWggB45Co2PbnmCo6BJepiew+tbjoKb2w==",
        "dependencies": {
          "Elsa.Api.Common": "3.7.1",
          "Elsa.Resilience.Core": "3.7.1",
          "Elsa.Workflows.Runtime": "3.7.1",
          "Polly": "8.6.5"
        }
      },
      "Elsa.Resilience.Core": {
        "type": "Transitive",
        "resolved": "3.7.1",
        "contentHash": "qYdvXIn5OhnnVVSrSfzAcTssTOO9qFfkle7PB/T1Mg24Rd6Z3hnqfDiOtH+k02Wrp6k5XC5X6Nqu9Su9JhHK2w==",
        "dependencies": {
          "Elsa.Workflows.Core": "3.7.1",
          "Polly": "8.6.5",
          "Polly.Extensions": "8.6.5"
        }
      },
      "Elsa.Tenants": {
        "type": "Transitive",
        "resolved": "3.7.1",
        "contentHash": "9ikXK8UcNInH8EloC0oqyPpT4sUFHq/KtoKCMCIHME57ifisyGdY3KmkRgLBNw7kpHQbU9UziUrnNo13pU5lPQ==",
        "dependencies": {
          "Elsa.Api.Common": "3.7.1",
          "Elsa.Common": "3.7.1",
          "Elsa.Features": "3.7.1"
        }
      },
      "Elsa.Workflows.Core": {
        "type": "Transitive",
        "resolved": "3.7.1",
        "contentHash": "xLU7+zhRcBtkEFEErmDXPzpmoe0338eU/sDXKlSBxv0X79AQLuY2TAZYF0rqw62u43SJ9PU7XO7zg5/xi1FlmQ==",
        "dependencies": {
          "Elsa.Common": "3.7.1",
          "Elsa.Expressions": "3.7.1",
          "Humanizer.Core": "3.0.1",
          "Newtonsoft.Json": "13.0.4",
          "ShortGuid": "2.0.1"
        }
      },
      "Elsa.Workflows.Management": {
        "type": "Transitive",
        "resolved": "3.7.1",
        "contentHash": "7dr6FmjSeZrW8KgJ+REYc9+oQrFRPK6CdL2Ep1SilGn+JlzAl8PTV5miRKliXW4eXBiOtELqN4bMqtKmVLGSYw==",
        "dependencies": {
          "Elsa.Api.Common": "3.7.1",
          "Elsa.Caching": "3.7.1",
          "Elsa.Workflows.Core": "3.7.1",
          "Humanizer.Core": "3.0.1",
          "IronCompress": "1.7.0",
          "System.Linq.Dynamic.Core": "1.7.1"
        }
      },
      "Elsa.Workflows.Runtime": {
        "type": "Transitive",
        "resolved": "3.7.1",
        "contentHash": "9f+KZk1R2koEOa5dDzEoVfoN1whD0uzmLiwA05S8fr96+/wdDIhIqSHSKYakJw7+IM5YNBOpITYEYYzniw3UAA==",
        "dependencies": {
          "DistributedLock.FileSystem": "1.0.3",
          "Elsa.Caching": "3.7.1",
          "Elsa.KeyValues": "3.7.1",
          "Elsa.Tenants": "3.7.1",
          "Elsa.Workflows.Core": "3.7.1",
          "Elsa.Workflows.Management": "3.7.1",
          "Open.Linq.AsyncExtensions": "1.2.0",
          "ThrottleDebounce": "2.0.1"
        }
      },
      "FastEndpoints": {
        "type": "Transitive",
        "resolved": "7.2.0",
        "contentHash": "igYC/SHrNwv8Ek+o0rjGALIONCIuQP7a6CMLSHGKRzFpjwdbI4JvsLlAfkb720bIF3B/dH1zRcEZejHeyDL2Rg==",
        "dependencies": {
          "FastEndpoints.Attributes": "7.2.0",
          "FastEndpoints.JobQueues": "7.2.0",
          "FastEndpoints.Messaging": "7.2.0",
          "FluentValidation": "12.1.1"
        }
      },
      "FastEndpoints.Attributes": {
        "type": "Transitive",
        "resolved": "7.2.0",
        "contentHash": "gn6/JW0QaSANrcUXDfexW8y3bDT/dYWk0sxvvgJWoRTR1WIyipkLE9AIWdBeVsVbVQP9gZWKgVzRMMm86Zq9HA=="
      },
      "FastEndpoints.Core": {
        "type": "Transitive",
        "resolved": "7.2.0",
        "contentHash": "nvclrOvmtyhR2WggtuuqI5aj4ICaMOOBx/buPlUqJ1S8OV5hgHr5SEEKfA9eRihiFJ3LGMcyxTd2+YWtFaeZAA=="
      },
      "FastEndpoints.JobQueues": {
        "type": "Transitive",
        "resolved": "7.2.0",
        "contentHash": "IC6EA/pBMRoXl5EQZrzZfXk6gyzxE6tBipQ8r+kkRuIXQX6LScvlL34gNs0kjXHO1+BS85/gwatDpvD6T5uNDw==",
        "dependencies": {
          "FastEndpoints.Messaging": "7.2.0"
        }
      },
      "FastEndpoints.Messaging": {
        "type": "Transitive",
        "resolved": "7.2.0",
        "contentHash": "29i3GfBpQ2VJA9XRb+k2IRIWRaxsxeDrVBgL78Gq8t3BMjq/QNBdN2P83uJfV0kJGfV813SviDbPo3gk+OW8MQ==",
        "dependencies": {
          "FastEndpoints.Core": "7.2.0",
          "FastEndpoints.Messaging.Core": "7.2.0"
        }
      },
      "FastEndpoints.Messaging.Core": {
        "type": "Transitive",
        "resolved": "7.2.0",
        "contentHash": "uRbFy6dmVie3wwlOjgrrE6lu5+U1SXmo8kwsr3Xzv/WnHrDw4vXFiqb8FmuS9q9jMGDn2UoYii5H0jC9g1RWDg=="
      },
      "FastEndpoints.Security": {
        "type": "Transitive",
        "resolved": "7.2.0",
        "contentHash": "Ilj4C0QyQbRj4snZ/StFIPvx/F4USqwfn1jL5KaKzUBhMlCDiq2CuNEZJIbHkg0wcnsQoQjhuQfXzyTZMHDC/w==",
        "dependencies": {
          "FastEndpoints": "7.2.0",
          "Microsoft.AspNetCore.Authentication.JwtBearer": "10.0.1"
        }
      },
      "FastEndpoints.Swagger": {
        "type": "Transitive",
        "resolved": "7.2.0",
        "contentHash": "CO29i+Ef84jMztSmJMUopl5g2EWwBz72I69uY+XmDf1SDSJ3XEBHwFSTUxjI2hn+lxLDjcHP4el2j2ywTATB/g==",
        "dependencies": {
          "FastEndpoints": "7.2.0",
          "NSwag.AspNetCore": "14.6.3"
        }
      },
      "FluentValidation": {
        "type": "Transitive",
        "resolved": "12.1.1",
        "contentHash": "EPpkIe1yh1a0OXyC100oOA8WMbZvqUu5plwhvYcb7oSELfyUZzfxV48BLhvs3kKo4NwG7MGLNgy1RJiYtT8Dpw=="
      },
      "Humanizer.Core": {
        "type": "Transitive",
        "resolved": "3.0.1",
        "contentHash": "scB3+KcxNmEjZK5V8rKCW2gIiL8m8KH91w14FuuExyhi9xTyAJ+jr+DDxGdy12mHmioe2uvjxTfMgM7WmSUFlw=="
      },
      "IronCompress": {
        "type": "Transitive",
        "resolved": "1.7.0",
        "contentHash": "soOOMriKl0J/p3V2fKuJ7R6n+SBtvpB+mRxmWU3tNeowmtBs32CyEyxHaBPralorsInVRWPFZDDJ46Eg6A9nqQ==",
        "dependencies": {
          "Snappier": "1.2.0",
          "ZstdSharp.Port": "0.8.6"
        }
      },
      "JetBrains.Annotations": {
        "type": "Transitive",
        "resolved": "2025.2.4",
        "contentHash": "TwbgxAkXxY+vNEhNVx/QXjJ4vqxmepOjsgRvvImQPbHkHMMb4W+ahL3laMsxXKtNT7iMy+E1B3xkqao2hf1n3A=="
      },
      "LinqKit.Core": {
        "type": "Transitive",
        "resolved": "1.2.9",
        "contentHash": "o8zNpo4/Fk0rW58QjYxH6AvvhmB/i9AagphKDEGVnwkbtzRdy7C1v4bFhpTQTjSUMANmbsqGEXMNqX293oEQVg=="
      },
      "Microsoft.Bcl.Cryptography": {
        "type": "Transitive",
        "resolved": "10.0.2",
        "contentHash": "LG9Yll3B5aNpxv0+D47g6LiOiKBIlodhcHdQwcYzo8VeexFLGqx5ymetmA2aBRyo9cCcWsQWrFsdbsr8LvmWDw=="
      },
      "Microsoft.Build.Framework": {
        "type": "Transitive",
        "resolved": "18.0.2",
        "contentHash": "sOSb+0J4G/jCBW/YqmRuL0eOMXgfw1KQLdC9TkbvfA5xs7uNm+PBQXJCOzSJGXtZcZrtXozcwxPmUiRUbmd7FA=="
      },
      "Microsoft.CodeAnalysis.Analyzers": {
        "type": "Transitive",
        "resolved": "3.11.0",
        "contentHash": "v/EW3UE8/lbEYHoC2Qq7AR/DnmvpgdtAMndfQNmpuIMx/Mto8L5JnuCfdBYtgvalQOtfNCnxFejxuRrryvUTsg=="
      },
      "Microsoft.CodeAnalysis.Common": {
        "type": "Transitive",
        "resolved": "5.0.0",
        "contentHash": "ZXRAdvH6GiDeHRyd3q/km8Z44RoM6FBWHd+gen/la81mVnAdHTEsEkO5J0TCNXBymAcx5UYKt5TvgKBhaLJEow==",
        "dependencies": {
          "Microsoft.CodeAnalysis.Analyzers": "3.11.0"
        }
      },
      "Microsoft.CodeAnalysis.CSharp": {
        "type": "Transitive",
        "resolved": "5.0.0",
        "contentHash": "5DSyJ9bk+ATuDy7fp2Zt0mJStDVKbBoiz1DyfAwSa+k4H4IwykAUcV3URelw5b8/iVbfSaOwkwmPUZH6opZKCw==",
        "dependencies": {
          "Microsoft.CodeAnalysis.Analyzers": "3.11.0",
          "Microsoft.CodeAnalysis.Common": "[5.0.0]"
        }
      },
      "Microsoft.CodeAnalysis.CSharp.Workspaces": {
        "type": "Transitive",
        "resolved": "5.0.0",
        "contentHash": "Al/Q8B+yO8odSqGVpSvrShMFDvlQdIBU//F3E6Rb0YdiLSALE9wh/pvozPNnfmh5HDnvU+mkmSjpz4hQO++jaA==",
        "dependencies": {
          "Humanizer.Core": "2.14.1",
          "Microsoft.CodeAnalysis.Analyzers": "3.11.0",
          "Microsoft.CodeAnalysis.CSharp": "[5.0.0]",
          "Microsoft.CodeAnalysis.Common": "[5.0.0]",
          "Microsoft.CodeAnalysis.Workspaces.Common": "[5.0.0]",
          "System.Composition": "9.0.0"
        }
      },
      "Microsoft.CodeAnalysis.Workspaces.Common": {
        "type": "Transitive",
        "resolved": "5.0.0",
        "contentHash": "ZbUmIvT6lqTNKiv06Jl5wf0MTMi1vQ1oH7ou4CLcs2C/no/L7EhP3T8y3XXvn9VbqMcJaJnEsNA1jwYUMgc5jg==",
        "dependencies": {
          "Humanizer.Core": "2.14.1",
          "Microsoft.CodeAnalysis.Analyzers": "3.11.0",
          "Microsoft.CodeAnalysis.Common": "[5.0.0]",
          "System.Composition": "9.0.0"
        }
      },
      "Microsoft.CodeAnalysis.Workspaces.MSBuild": {
        "type": "Transitive",
        "resolved": "5.0.0",
        "contentHash": "/G+LVoAGMz6Ae8nm+PGLxSw+F5RjYx/J7irbTO5uKAPw1bxHyQJLc/YOnpDxt+EpPtYxvC9wvBsg/kETZp1F9Q==",
        "dependencies": {
          "Humanizer.Core": "2.14.1",
          "Microsoft.Build.Framework": "17.11.31",
          "Microsoft.CodeAnalysis.Analyzers": "3.11.0",
          "Microsoft.CodeAnalysis.Workspaces.Common": "[5.0.0]",
          "Microsoft.VisualStudio.SolutionPersistence": "1.0.52",
          "Newtonsoft.Json": "13.0.3",
          "System.Composition": "9.0.0"
        }
      },
      "Microsoft.EntityFrameworkCore.Abstractions": {
        "type": "Transitive",
        "resolved": "10.0.10",
        "contentHash": "bOzrFCl6uZCjaSh2bG1ToRQRdx+iXvxosCg9hFyG9OWeAzOFI4xev9OqKeWfKf/kAHyox2JnbcvLVf2ceA7sqA=="
      },
      "Microsoft.EntityFrameworkCore.Analyzers": {
        "type": "Transitive",
        "resolved": "10.0.10",
        "contentHash": "2gLDordUCGf3aNOOuqtTbP5mxhiP9nk6TnvGiE3RnqT891O+Zf/qKu1PIREubs1M16A0SImr4vULBfU5BTDs1Q=="
      },
      "Microsoft.Extensions.DependencyModel": {
        "type": "Transitive",
        "resolved": "10.0.10",
        "contentHash": "rfZA1RjR021RPqSmIPovfz2aOd79TGqJ9BengbjnzIISOVwjLmuSDnhCMmiY/1c6iYvGolQ1iNGzkav0u11XEA=="
      },
      "Microsoft.IdentityModel.Abstractions": {
        "type": "Transitive",
        "resolved": "8.19.2",
        "contentHash": "HJbo/lnSfNHUfphPRT910poQc4T2/9+8svFLvzuaYHGAOJ2Tu+oEDqpX0BVP3BJ4OuUM1kylEKyaiX2fCAK3Cw=="
      },
      "Microsoft.IdentityModel.JsonWebTokens": {
        "type": "Transitive",
        "resolved": "8.19.2",
        "contentHash": "ui3fuBT4fs8kdKfBthI4NzLYIBIneEVS8UrL1JVBzAn80UiKmngBBi0BEByE7n/9c+EElcfFlCMFFTqpkBSLNA==",
        "dependencies": {
          "Microsoft.IdentityModel.Tokens": "8.19.2"
        }
      },
      "Microsoft.IdentityModel.Logging": {
        "type": "Transitive",
        "resolved": "8.19.2",
        "contentHash": "r5YLDIxGOnkVJHrqXv/iD1FM1CgGrQOdriXuvuWvTPmKbnGANhEysq9XKmN6IHjf2a+9bAGEpnoRBsAQlvJU5w==",
        "dependencies": {
          "Microsoft.IdentityModel.Abstractions": "8.19.2"
        }
      },
      "Microsoft.IdentityModel.Protocols": {
        "type": "Transitive",
        "resolved": "8.19.2",
        "contentHash": "sGxSsSrZXNmca6D+jHH2rVRyo2nNRd/g4H9CFbPmLLq0xgoH1U0orLWE5minfijw7+zq49tBs7txenbfAErRoQ==",
        "dependencies": {
          "Microsoft.IdentityModel.Tokens": "8.19.2"
        }
      },
      "Microsoft.IdentityModel.Protocols.OpenIdConnect": {
        "type": "Transitive",
        "resolved": "8.19.2",
        "contentHash": "1XOcyY36cVymzE3qKdzKaUEZ4Pzt7ZpSa14JZoPPK1NLFUkQDs85TCqpV6XDo0YjFXj6nVK00AfOHppjghjhtw==",
        "dependencies": {
          "Microsoft.IdentityModel.Protocols": "8.19.2",
          "System.IdentityModel.Tokens.Jwt": "8.19.2"
        }
      },
      "Microsoft.IdentityModel.Tokens": {
        "type": "Transitive",
        "resolved": "8.19.2",
        "contentHash": "GtPC1S02uH1gOO4fQ+zRysIicKmEXaYFP8PIkdJYXqMyruYhopre4ozVHp0XiDSA0+GJvOZH9prxCPvgBMg4Ww==",
        "dependencies": {
          "Microsoft.Bcl.Cryptography": "10.0.2",
          "Microsoft.IdentityModel.Logging": "8.19.2"
        }
      },
      "Microsoft.VisualStudio.SolutionPersistence": {
        "type": "Transitive",
        "resolved": "1.0.52",
        "contentHash": "oNv2JtYXhpdJrX63nibx1JT3uCESOBQ1LAk7Dtz/sr0+laW0KRM6eKp4CZ3MHDR2siIkKsY8MmUkeP5DKkQQ5w=="
      },
      "Mono.TextTemplating": {
        "type": "Transitive",
        "resolved": "3.0.0",
        "contentHash": "YqueG52R/Xej4VVbKuRIodjiAhV0HR/XVbLbNrJhCZnzjnSjgMJ/dCdV0akQQxavX6hp/LC6rqLGLcXeQYU7XA==",
        "dependencies": {
          "System.CodeDom": "6.0.0"
        }
      },
      "Namotion.Reflection": {
        "type": "Transitive",
        "resolved": "3.4.3",
        "contentHash": "KLk2gLR9f8scM82EiL+p9TONXXPy9+IAZVMzJOA/Wsa7soZD7UJGG6j0fq0D9ZoVnBRRnSeEC7kShhRo3Olgaw=="
      },
      "Newtonsoft.Json": {
        "type": "Transitive",
        "resolved": "13.0.4",
        "contentHash": "pdgNNMai3zv51W5aq268sujXUyx7SNdE2bj1wZcWjAQrKMFZV260lbqYop1d2GM67JI1huLRwxo9ZqnfF/lC6A=="
      },
      "NJsonSchema": {
        "type": "Transitive",
        "resolved": "11.5.2",
        "contentHash": "CAmnt4tnylb82Ro6f2EFIGz8rmThuCsITECUNqGhVEQ5VvxV+XwsTPz6LF58MbvUEV1jVcH+uxxljgM/etgK7A==",
        "dependencies": {
          "NJsonSchema.Annotations": "11.5.2",
          "Namotion.Reflection": "3.4.3",
          "Newtonsoft.Json": "13.0.3"
        }
      },
      "NJsonSchema.Annotations": {
        "type": "Transitive",
        "resolved": "11.5.2",
        "contentHash": "OfYQgNzJZb1r/gR5vza0DbBLxnmcITDhA5CXFuX1qxuP3rRdQMjbIz5VyDVHCU1QxyrfAymzajbh7iszEvyFGQ=="
      },
      "NJsonSchema.NewtonsoftJson": {
        "type": "Transitive",
        "resolved": "11.5.2",
        "contentHash": "2KuhjeP/E/hqixoKRjKUXD56V8gBkEB51gdbTU2gN2AeabCG4gW5YsAUl+ZumFgj0cbEJ7GKdl9IBdeZaLxiTA==",
        "dependencies": {
          "NJsonSchema": "11.5.2",
          "Newtonsoft.Json": "13.0.3"
        }
      },
      "NJsonSchema.Yaml": {
        "type": "Transitive",
        "resolved": "11.5.2",
        "contentHash": "1H835IiOxO5tpqpTN4Ibs0qymHbobHoYr+2K3ZdUVpzwlFDgaGflKmKT+7Hj4cBxKBsNs+MxTeCOEeM+PN1VRw==",
        "dependencies": {
          "NJsonSchema": "11.5.2",
          "YamlDotNet": "16.3.0"
        }
      },
      "Npgsql": {
        "type": "Transitive",
        "resolved": "10.0.3",
        "contentHash": "7nb5YzXuvWWJxB0J8DiyL3we+X4FOctZrt0fIBnucOIaIevFEEwGQVZKtiu9olXdlNAK1eNgqSral6r/jlhI4w=="
      },
      "NSwag.Annotations": {
        "type": "Transitive",
        "resolved": "14.6.3",
        "contentHash": "ZAmmjFF6ieW7D7bS7ViIcFZ6Sq77NxAZbvIOypsB8EVRnZMdcr+Rn/sVaVDwPi3YtZJBydSAMNsYDdluhy0ayA=="
      },
      "NSwag.AspNetCore": {
        "type": "Transitive",
        "resolved": "14.6.3",
        "contentHash": "rKhVvcmhDdI91RBntyzzO/Tjfeo4dh1zkO2UaG3R7wWp40GUK+RzZJpY4NjwuawsG+PPEWCDCKEgJL8BNo3R3A==",
        "dependencies": {
          "NJsonSchema": "11.5.2",
          "NJsonSchema.NewtonsoftJson": "11.5.2",
          "NJsonSchema.Yaml": "11.5.2",
          "NSwag.Annotations": "14.6.3",
          "NSwag.Core.Yaml": "14.6.3",
          "NSwag.Generation.AspNetCore": "14.6.3",
          "Namotion.Reflection": "3.4.3",
          "Newtonsoft.Json": "13.0.3"
        }
      },
      "NSwag.Core": {
        "type": "Transitive",
        "resolved": "14.6.3",
        "contentHash": "TrX5mbmuoOIUaOs/77Rohu0xir4nKjAVHmVsct7wmnsAI6b0HOYEM9eH9km0VbcNKj0baNQ7qYSKH6KXMkkz0Q==",
        "dependencies": {
          "NJsonSchema": "11.5.2",
          "Namotion.Reflection": "3.4.3",
          "Newtonsoft.Json": "13.0.3"
        }
      },
      "NSwag.Core.Yaml": {
        "type": "Transitive",
        "resolved": "14.6.3",
        "contentHash": "/XVgHvtFaJiGElFG1Wuk9N4AwKzmrD8udUKymDQPoqtvg5L0nSeZsnlRgKwPJq/4vquN51AIGWqB8iK4O3YRHg==",
        "dependencies": {
          "NJsonSchema": "11.5.2",
          "NJsonSchema.Yaml": "11.5.2",
          "NSwag.Core": "14.6.3",
          "Namotion.Reflection": "3.4.3",
          "Newtonsoft.Json": "13.0.3"
        }
      },
      "NSwag.Generation": {
        "type": "Transitive",
        "resolved": "14.6.3",
        "contentHash": "PMeOxbdL9XaSgPN2eZfb9gv1fHEtqMujaXCR/EL2A8JNVicCNZH73iy/IKuhNrTstZdzHp0XMYz1vbIvUKiWvQ==",
        "dependencies": {
          "NJsonSchema": "11.5.2",
          "NJsonSchema.NewtonsoftJson": "11.5.2",
          "NSwag.Core": "14.6.3",
          "Namotion.Reflection": "3.4.3",
          "Newtonsoft.Json": "13.0.3"
        }
      },
      "NSwag.Generation.AspNetCore": {
        "type": "Transitive",
        "resolved": "14.6.3",
        "contentHash": "h3A6dekJz95mjLVREa0PHejNTipzZlslqGXttruMJdEBRtxqDOVe3osNllXszAF2kA5JKL8hByNlySIr6aI7MQ==",
        "dependencies": {
          "NJsonSchema": "11.5.2",
          "NJsonSchema.NewtonsoftJson": "11.5.2",
          "NSwag.Generation": "14.6.3",
          "Namotion.Reflection": "3.4.3",
          "Newtonsoft.Json": "13.0.3"
        }
      },
      "OneOf": {
        "type": "Transitive",
        "resolved": "3.0.271",
        "contentHash": "pqpqeK8xQGggExhr4tesVgJkjdn+9HQAO0QgrYV2hFjE3y90okzk1kQMntMiUOGfV7FrCUfKPaVvPBD4IANqKg=="
      },
      "Open.Linq.AsyncExtensions": {
        "type": "Transitive",
        "resolved": "1.2.0",
        "contentHash": "bqH1CfR6aEygglNbIwTglBugn9tplvOi2Urn7qiwjW5fO/n3OLSgdIQ09MptMVPa0F/HHG3fcsjNP9Zp2CxUPg=="
      },
      "Polly": {
        "type": "Transitive",
        "resolved": "8.6.5",
        "contentHash": "VqtW2ZE/ALvQMAH1cQY3qZ2cF2OXa3oe/HKMdOv6Q02HCoEW0rsFNfcBONXlHBe1TnjWW1vdRxBEkPeq0/2FHA==",
        "dependencies": {
          "Polly.Core": "8.6.5"
        }
      },
      "Polly.Core": {
        "type": "Transitive",
        "resolved": "8.6.5",
        "contentHash": "t+sUVrIwvo7UmsgHGgOG9F0GDZSRIm47u2ylH17Gvcv1q5hNEwgD5GoBlFyc0kh/pebmPyrAgvGsR/65ZBaXlg=="
      },
      "Polly.Extensions": {
        "type": "Transitive",
        "resolved": "8.6.5",
        "contentHash": "Ui+qN9zCgcy0/YEthA0wVm1mrDQe7+ud82Vz5wedbk22t17t6G+6nm/Q3GYxyCyTl5UFVoO2MbfmDv7a0K6Zww==",
        "dependencies": {
          "Polly.Core": "8.6.5"
        }
      },
      "Quartz.Extensions.DependencyInjection": {
        "type": "Transitive",
        "resolved": "3.15.1",
        "contentHash": "LinB9z54aPn49C/DGM1v3OflX2nosrEo4zNz10vfYqcCndFJ8MNU9k++Ap9T7vxeZc355WStPDggpX60TYj1Lg==",
        "dependencies": {
          "Quartz": "3.15.1"
        }
      },
      "Quartz.Extensions.Hosting": {
        "type": "Transitive",
        "resolved": "3.15.1",
        "contentHash": "svqLTEnVLb0VPUcNCd/khRqagwxM/yybUZ2sEOd7HFdPO+5dAOttL+ARtXSyBeaGWPWAaxY4VvU7pJTZzYhORw==",
        "dependencies": {
          "Quartz.Extensions.DependencyInjection": "3.15.1"
        }
      },
      "Quartz.Serialization.Json": {
        "type": "Transitive",
        "resolved": "3.15.1",
        "contentHash": "teDJjL9tHdHYDJeE8seeB1aoUd+1yTGE/y5mpcB5BdgN6dJEYon4lFBPn+MdryneUimY0bBeAJ7TNx58/cNAJQ==",
        "dependencies": {
          "Newtonsoft.Json": "13.0.3",
          "Quartz": "3.15.1"
        }
      },
      "Scrutor": {
        "type": "Transitive",
        "resolved": "7.0.0",
        "contentHash": "wHWaroody48jnlLoq/REwUltIFLxplXyHTP+sttrc8P7+jkiVqf38afDidJNv4qgD/6zz2NKOYg06xLZ1bG7wQ==",
        "dependencies": {
          "Microsoft.Extensions.DependencyModel": "10.0.0"
        }
      },
      "ShortGuid": {
        "type": "Transitive",
        "resolved": "2.0.1",
        "contentHash": "I/bXxaY4BDC0mUCJvF9ZlUfWsq3nRswv53gyNrxqg5SmOObDkggNl7v21tHHMQaPC3PW6xdMS1IHeGzFi2GuAQ=="
      },
      "Snappier": {
        "type": "Transitive",
        "resolved": "1.3.1",
        "contentHash": "DOdDQiO8YZ5rBtVLY+6CmR1yp9WYoJRgEEktPBrR0tEj9QO2djA/zv0O3DX0OZpEAfosbY8pytQ9tQUogwQsEA=="
      },
      "System.CodeDom": {
        "type": "Transitive",
        "resolved": "6.0.0",
        "contentHash": "CPc6tWO1LAer3IzfZufDBRL+UZQcj5uS207NHALQzP84Vp/z6wF0Aa0YZImOQY8iStY0A2zI/e3ihKNPfUm8XA=="
      },
      "System.Composition": {
        "type": "Transitive",
        "resolved": "9.0.0",
        "contentHash": "3Djj70fFTraOarSKmRnmRy/zm4YurICm+kiCtI0dYRqGJnLX6nJ+G3WYuFJ173cAPax/gh96REcbNiVqcrypFQ==",
        "dependencies": {
          "System.Composition.AttributedModel": "9.0.0",
          "System.Composition.Convention": "9.0.0",
          "System.Composition.Hosting": "9.0.0",
          "System.Composition.Runtime": "9.0.0",
          "System.Composition.TypedParts": "9.0.0"
        }
      },
      "System.Composition.AttributedModel": {
        "type": "Transitive",
        "resolved": "9.0.0",
        "contentHash": "iri00l/zIX9g4lHMY+Nz0qV1n40+jFYAmgsaiNn16xvt2RDwlqByNG4wgblagnDYxm3YSQQ0jLlC/7Xlk9CzyA=="
      },
      "System.Composition.Convention": {
        "type": "Transitive",
        "resolved": "9.0.0",
        "contentHash": "+vuqVP6xpi582XIjJi6OCsIxuoTZfR0M7WWufk3uGDeCl3wGW6KnpylUJ3iiXdPByPE0vR5TjJgR6hDLez4FQg==",
        "dependencies": {
          "System.Composition.AttributedModel": "9.0.0"
        }
      },
      "System.Composition.Hosting": {
        "type": "Transitive",
        "resolved": "9.0.0",
        "contentHash": "OFqSeFeJYr7kHxDfaViGM1ymk7d4JxK//VSoNF9Ux0gpqkLsauDZpu89kTHHNdCWfSljbFcvAafGyBoY094btQ==",
        "dependencies": {
          "System.Composition.Runtime": "9.0.0"
        }
      },
      "System.Composition.Runtime": {
        "type": "Transitive",
        "resolved": "9.0.0",
        "contentHash": "w1HOlQY1zsOWYussjFGZCEYF2UZXgvoYnS94NIu2CBnAGMbXFAX8PY8c92KwUItPmowal68jnVLBCzdrWLeEKA=="
      },
      "System.Composition.TypedParts": {
        "type": "Transitive",
        "resolved": "9.0.0",
        "contentHash": "aRZlojCCGEHDKqh43jaDgaVpYETsgd7Nx4g1zwLKMtv4iTo0627715ajEFNpEEBTgLmvZuv8K0EVxc3sM4NWJA==",
        "dependencies": {
          "System.Composition.AttributedModel": "9.0.0",
          "System.Composition.Hosting": "9.0.0",
          "System.Composition.Runtime": "9.0.0"
        }
      },
      "System.IdentityModel.Tokens.Jwt": {
        "type": "Transitive",
        "resolved": "8.19.2",
        "contentHash": "gqhDC/icByKEutygpr+OFgAmjwTVowyzFjWB8K0q1ww8uFj5a1BQNL+QvijUl9uhq4p8OdDwcAIrjVC+eC9FVA==",
        "dependencies": {
          "Microsoft.IdentityModel.JsonWebTokens": "8.19.2",
          "Microsoft.IdentityModel.Tokens": "8.19.2"
        }
      },
      "System.Linq.Dynamic.Core": {
        "type": "Transitive",
        "resolved": "1.7.1",
        "contentHash": "qlgku/j9r0fei52yxR5ho9nC/fWGZuaELqPkZmJm24QZbBW4cL3sVWri1dZ0cKgARD7cgFKBdRqzxYoIG5Q0Cg=="
      },
      "ThrottleDebounce": {
        "type": "Transitive",
        "resolved": "2.0.1",
        "contentHash": "6kdd65+HCrSbO80ELfyQJMs/My8tbpqoxS6VDfhQSdTq8y2kLjxpfxnVEeh3Av1Q+XDOxMv/rBXYsgQR3iQswA=="
      },
      "YamlDotNet": {
        "type": "Transitive",
        "resolved": "16.3.0",
        "contentHash": "SgMOdxbz8X65z8hraIs6hOEdnkH6hESTAIUa7viEngHOYaH+6q5XJmwr1+yb9vJpNQ19hCQY69xbFsLtXpobQA=="
      },
      "ZstdSharp.Port": {
        "type": "Transitive",
        "resolved": "0.8.6",
        "contentHash": "iP4jVLQoQmUjMU88g1WObiNr6YKZGvh4aOXn3yOJsHqZsflwRsxZPcIBvNXgjXO3vQKSLctXGLTpcBPLnWPS8A=="
      },
      "kajay.core": {
        "type": "Project"
      },
      "Microsoft.EntityFrameworkCore": {
        "type": "CentralTransitive",
        "requested": "[10.0.10, )",
        "resolved": "10.0.10",
        "contentHash": "a0V7zj/VbYP6dTdWpUgE/r2PuLKtUGe2aJ0lVKkn/wP9ZhaxUz2kQydVfvOjCv2SKxlrqdBfHhPD4Cvlf+4ffA==",
        "dependencies": {
          "Microsoft.EntityFrameworkCore.Abstractions": "10.0.10",
          "Microsoft.EntityFrameworkCore.Analyzers": "10.0.10"
        }
      },
      "Microsoft.EntityFrameworkCore.Relational": {
        "type": "CentralTransitive",
        "requested": "[10.0.10, )",
        "resolved": "10.0.10",
        "contentHash": "wNonj40aZxia+GtuBiiD6ZqVh4h6y5Nje1bGdmzZ8/ui0QRsAN+S0SIrLHFCEGbG9cDbeaE40sh+Lr7o9rRs6g==",
        "dependencies": {
          "Microsoft.EntityFrameworkCore": "10.0.10"
        }
      },
      "Microsoft.OpenApi": {
        "type": "CentralTransitive",
        "requested": "[2.11.0, )",
        "resolved": "2.11.0",
        "contentHash": "/ignjfdeKT2SGLIR7QEv19KnI0rvoxRG/TYDOZdK9EsWLjKK9IK8i1Mo5NRm9PRV3i64DzlTqnIflWvoyfljLg=="
      },
      "Quartz": {
        "type": "CentralTransitive",
        "requested": "[3.15.1, )",
        "resolved": "3.15.1",
        "contentHash": "XIbhzUAKSm3xdl1ORLPnK7mc5XANP3cuvYQhCtuX/8888IN41e9OXJak4R9OlmAGRnyAMqHE40yojVa89NS1wg=="
      },
      "System.CommandLine": {
        "type": "CentralTransitive",
        "requested": "[2.0.10, )",
        "resolved": "2.0.10",
        "contentHash": "6i1D6/U3i1f/PiXTt9pDvbJwdXEe0F2DZPup6BHzeIu5yPk/lkFzgtrJnPbj54JWUh8Y9vJeKG/TZIT6MkF8TA=="
      }
    }
  }
}